
Microsoft Visual Studio Solution File, Format Version 12.00
# Visual Studio Version 17
VisualStudioVersion = 17.4.33205.214
MinimumVisualStudioVersion = 10.0.40219.1
Project("{FAE04EC0-301F-11D3-BF4B-00C04F79EFBC}") = "csharp_lb4-wf", "csharp_lb4-wf\csharp_lb4-wf.csproj", "{05A66BCD-4757-4959-BE32-115ADB12CECE}"
EndProject
Global
	GlobalSection(SolutionConfigurationPlatforms) = preSolution
		Debug|Any CPU = Debug|Any CPU
		Release|Any CPU = Release|Any CPU
	EndGlobalSection
	GlobalSection(ProjectConfigurationPlatforms) = postSolution
		{05A66BCD-4757-4959-BE32-115ADB12CECE}.Debug|Any CPU.ActiveCfg = Debug|Any CPU
		{05A66BCD-4757-4959-BE32-115ADB12CECE}.Debug|Any CPU.Build.0 = Debug|Any CPU
		{05A66BCD-4757-4959-BE32-115ADB12CECE}.Release|Any CPU.ActiveCfg = Release|Any CPU
		{05A66BCD-4757-4959-BE32-115ADB12CECE}.Release|Any CPU.Build.0 = Release|Any CPU
	EndGlobalSection
	GlobalSection(SolutionProperties) = preSolution
		HideSolutionNode = FALSE
	EndGlobalSection
	GlobalSection(ExtensibilityGlobals) = postSolution
		SolutionGuid = {B0B3162E-5E51-4877-A915-B634BFB50830}
	EndGlobalSection
EndGlobal
